{
  "dependencies": {
    "cors": {
      "version": "2.7.1",
      "dependencies": {
        "vary": {
          "version": "1.1.0"
        }
      }
    },
    "geoip-lite": {
      "version": "1.1.6",
      "dependencies": {
        "async": {
          "version": "0.1.22"
        },
        "colors": {
          "version": "0.6.0-1"
        },
        "glob": {
          "version": "3.2.11",
          "dependencies": {
            "inherits": {
              "version": "2.0.1"
            },
            "minimatch": {
              "version": "0.3.0",
              "dependencies": {
                "lru-cache": {
                  "version": "2.7.3"
                },
                "sigmund": {
                  "version": "1.0.1"
                }
              }
            }
          }
        },
        "iconv-lite": {
          "version": "0.4.13"
        },
        "lazy": {
          "version": "1.0.11"
        },
        "rimraf": {
          "version": "2.0.3",
          "dependencies": {
            "graceful-fs": {
              "version": "1.1.14"
            }
          }
        },
        "unzip": {
          "version": "0.0.4",
          "dependencies": {
            "fstream": {
              "version": "0.1.31",
              "dependencies": {
                "graceful-fs": {
                  "version": "3.0.8"
                },
                "inherits": {
                  "version": "2.0.1"
                },
                "mkdirp": {
                  "version": "0.5.1",
                  "dependencies": {
                    "minimist": {
                      "version": "0.0.8"
                    }
                  }
                }
              }
            },
            "pullstream": {
              "version": "0.0.4",
              "dependencies": {
                "over": {
                  "version": "0.0.5"
                },
                "stream-buffers": {
                  "version": "0.2.6"
                }
              }
            },
            "binary": {
              "version": "0.3.0",
              "dependencies": {
                "chainsaw": {
                  "version": "0.1.0",
                  "dependencies": {
                    "traverse": {
                      "version": "0.3.9"
                    }
                  }
                },
                "buffers": {
                  "version": "0.1.1"
                }
              }
            }
          }
        }
      }
    },
    "helmet": {
      "version": "1.3.0",
      "dependencies": {
        "connect": {
          "version": "3.4.1",
          "dependencies": {
            "debug": {
              "version": "2.2.0",
              "dependencies": {
                "ms": {
                  "version": "0.7.1"
                }
              }
            },
            "finalhandler": {
              "version": "0.4.1",
              "dependencies": {
                "escape-html": {
                  "version": "1.0.3"
                },
                "on-finished": {
                  "version": "2.3.0",
                  "dependencies": {
                    "ee-first": {
                      "version": "1.1.1"
                    }
                  }
                },
                "unpipe": {
                  "version": "1.0.0"
                }
              }
            },
            "parseurl": {
              "version": "1.3.1"
            },
            "utils-merge": {
              "version": "1.0.0"
            }
          }
        },
        "dns-prefetch-control": {
          "version": "0.1.0"
        },
        "dont-sniff-mimetype": {
          "version": "1.0.0"
        },
        "frameguard": {
          "version": "1.1.0",
          "dependencies": {
            "lodash.isstring": {
              "version": "4.0.1"
            }
          }
        },
        "helmet-csp": {
          "version": "1.1.0",
          "dependencies": {
            "camelize": {
              "version": "1.0.0"
            },
            "content-security-policy-builder": {
              "version": "1.0.0",
              "dependencies": {
                "dashify": {
                  "version": "0.2.1"
                }
              }
            },
            "lodash.assign": {
              "version": "4.0.4",
              "dependencies": {
                "lodash.keys": {
                  "version": "4.0.5"
                },
                "lodash.rest": {
                  "version": "4.0.1"
                }
              }
            },
            "lodash.isfunction": {
              "version": "3.0.8"
            },
            "lodash.reduce": {
              "version": "4.2.0",
              "dependencies": {
                "lodash._baseeach": {
                  "version": "4.1.1"
                },
                "lodash._baseiteratee": {
                  "version": "4.5.2"
                },
                "lodash._basereduce": {
                  "version": "3.0.2"
                }
              }
            },
            "lodash.some": {
              "version": "4.2.0",
              "dependencies": {
                "lodash._baseeach": {
                  "version": "4.1.1"
                },
                "lodash._baseiteratee": {
                  "version": "4.5.2"
                }
              }
            },
            "platform": {
              "version": "1.3.1"
            }
          }
        },
        "hide-powered-by": {
          "version": "1.0.0"
        },
        "hpkp": {
          "version": "1.1.0"
        },
        "hsts": {
          "version": "1.0.0",
          "dependencies": {
            "core-util-is": {
              "version": "1.0.2"
            }
          }
        },
        "ienoopen": {
          "version": "1.0.0"
        },
        "nocache": {
          "version": "1.0.0"
        },
        "x-xss-protection": {
          "version": "1.0.0"
        }
      }
    },
    "user-agent-device-mapper": {
      "version": "0.0.1"
    },
    "user-agent-parser": {
      "version": "0.6.0"
    }
  }
}
